
Microsoft Visual Studio Solution File, Format Version 12.00
# Visual Studio Version 16
VisualStudioVersion = 16.0.30114.105
MinimumVisualStudioVersion = 10.0.40219.1
Project("{FAE04EC0-301F-11D3-BF4B-00C04F79EFBC}") = "Mechanic", "Mechanic\Mechanic.csproj", "{59A36E95-329E-45E0-A3C8-E6F41E087CC2}"
EndProject
Project("{FAE04EC0-301F-11D3-BF4B-00C04F79EFBC}") = "WebServicesMechanic", "WebServicesMechanic\WebServicesMechanic.csproj", "{F9E07D41-E0DC-4EFF-AF41-29622356AEA2}"
EndProject
Global
	GlobalSection(SolutionConfigurationPlatforms) = preSolution
		Debug|Any CPU = Debug|Any CPU
		Release|Any CPU = Release|Any CPU
	EndGlobalSection
	GlobalSection(ProjectConfigurationPlatforms) = postSolution
		{59A36E95-329E-45E0-A3C8-E6F41E087CC2}.Debug|Any CPU.ActiveCfg = Debug|Any CPU
		{59A36E95-329E-45E0-A3C8-E6F41E087CC2}.Debug|Any CPU.Build.0 = Debug|Any CPU
		{59A36E95-329E-45E0-A3C8-E6F41E087CC2}.Release|Any CPU.ActiveCfg = Release|Any CPU
		{59A36E95-329E-45E0-A3C8-E6F41E087CC2}.Release|Any CPU.Build.0 = Release|Any CPU
		{F9E07D41-E0DC-4EFF-AF41-29622356AEA2}.Debug|Any CPU.ActiveCfg = Debug|Any CPU
		{F9E07D41-E0DC-4EFF-AF41-29622356AEA2}.Debug|Any CPU.Build.0 = Debug|Any CPU
		{F9E07D41-E0DC-4EFF-AF41-29622356AEA2}.Release|Any CPU.ActiveCfg = Release|Any CPU
		{F9E07D41-E0DC-4EFF-AF41-29622356AEA2}.Release|Any CPU.Build.0 = Release|Any CPU
	EndGlobalSection
	GlobalSection(SolutionProperties) = preSolution
		HideSolutionNode = FALSE
	EndGlobalSection
	GlobalSection(ExtensibilityGlobals) = postSolution
		SolutionGuid = {8708C1F4-ECC7-47E3-B0CF-D843A8F4D30E}
	EndGlobalSection
EndGlobal
